
Microsoft Visual Studio Solution File, Format Version 12.00
# Visual Studio Version 17
VisualStudioVersion = 17.8.34525.116
MinimumVisualStudioVersion = 10.0.40219.1
Project("{9A19103F-16F7-4668-BE54-9A1E7A4F7556}") = "Password Generator", "Password Generator\Password Generator.csproj", "{7A17DCE6-F46E-4A9E-8464-499756995659}"
EndProject
Project("{54435603-DBB4-11D2-8724-00A0C9A8B90C}") = "ProjectSetup", "ProjectSetup\ProjectSetup.vdproj", "{AD856A3F-080F-49EB-A139-C8ECD34E3A71}"
EndProject
Global
	GlobalSection(SolutionConfigurationPlatforms) = preSolution
		Debug|Any CPU = Debug|Any CPU
		Release|Any CPU = Release|Any CPU
	EndGlobalSection
	GlobalSection(ProjectConfigurationPlatforms) = postSolution
		{7A17DCE6-F46E-4A9E-8464-499756995659}.Debug|Any CPU.ActiveCfg = Debug|Any CPU
		{7A17DCE6-F46E-4A9E-8464-499756995659}.Debug|Any CPU.Build.0 = Debug|Any CPU
		{7A17DCE6-F46E-4A9E-8464-499756995659}.Release|Any CPU.ActiveCfg = Release|Any CPU
		{7A17DCE6-F46E-4A9E-8464-499756995659}.Release|Any CPU.Build.0 = Release|Any CPU
		{AD856A3F-080F-49EB-A139-C8ECD34E3A71}.Debug|Any CPU.ActiveCfg = Debug
		{AD856A3F-080F-49EB-A139-C8ECD34E3A71}.Release|Any CPU.ActiveCfg = Release
	EndGlobalSection
	GlobalSection(SolutionProperties) = preSolution
		HideSolutionNode = FALSE
	EndGlobalSection
	GlobalSection(ExtensibilityGlobals) = postSolution
		SolutionGuid = {B09D8949-E425-479D-AA31-FC698E93E3FD}
	EndGlobalSection
EndGlobal
